// !$*UTF8*$!
{
	archiveVersion = 1;
	classes = {
	};
	objectVersion = 77;
	objects = {

/* Begin PBXBuildFile section */
		01FF3F136F1A256A18C7F5A3 /* UsageServiceFactory.swift in Sources */ = {isa = PBXBuildFile; fileRef = 5D93AD069FD875924178BBF7 /* UsageServiceFactory.swift */; };
		03328CEAD75A9642BF2448B8 /* UsageChartView.swift in Sources */ = {isa = PBXBuildFile; fileRef = CCBDD4385A8EFEC96E8890D0 /* UsageChartView.swift */; };
		14A4E8D04E3C87207FAB850A /* BalanceRecord.swift in Sources */ = {isa = PBXBuildFile; fileRef = 13A6300B77D8A320DA940977 /* BalanceRecord.swift */; };
		197BD468935302D1B5993829 /* AnthropicService.swift in Sources */ = {isa = PBXBuildFile; fileRef = 24D2951B121772F9CE4E4086 /* AnthropicService.swift */; };
		28E245372A9B56C38D6F686B /* LocalCache.swift in Sources */ = {isa = PBXBuildFile; fileRef = 36B79569BA2E541AC1C4E145 /* LocalCache.swift */; };
		2CFB5E7AB08BC3243DD48985 /* LocalCacheTests.swift in Sources */ = {isa = PBXBuildFile; fileRef = B048E7D9512A74A98609A216 /* LocalCacheTests.swift */; };
		389E6247331C48999566FE84 /* KeychainStorage.swift in Sources */ = {isa = PBXBuildFile; fileRef = AD0AB46194DBDDB0D51558ED /* KeychainStorage.swift */; };
		4EA67D2E1A15EFC485417BC9 /* SettingsViewModel.swift in Sources */ = {isa = PBXBuildFile; fileRef = DBB119EA67B37541FA893520 /* SettingsViewModel.swift */; };
		4F74DD50327CFE494A026943 /* Constants.swift in Sources */ = {isa = PBXBuildFile; fileRef = 2B890ADCEBFAB1F34A481742 /* Constants.swift */; };
		535650917A971E333BC5353B /* MenuBarPopover.swift in Sources */ = {isa = PBXBuildFile; fileRef = 993E1B9AF8A383981E6A58BD /* MenuBarPopover.swift */; };
		563D3D8356A5815DB4A08A4D /* KeychainStorageTests.swift in Sources */ = {isa = PBXBuildFile; fileRef = 7164C8E2BBA0DC3875DA403D /* KeychainStorageTests.swift */; };
		5E5D9C00652CA92B77699442 /* UsageRecord.swift in Sources */ = {isa = PBXBuildFile; fileRef = 6017B3DDA5D19156C01CED00 /* UsageRecord.swift */; };
		5E99BA254FE4ADD764DFDAF4 /* ProviderConfig.swift in Sources */ = {isa = PBXBuildFile; fileRef = A73339104352C582063D3161 /* ProviderConfig.swift */; };
		68D8AF6389E4833D4679E2A2 /* DeepSeekServiceTests.swift in Sources */ = {isa = PBXBuildFile; fileRef = 43E9D3FCA43D2373935669A4 /* DeepSeekServiceTests.swift */; };
		6A53F684F2F34A2FEB85AA24 /* FloatingBalanceView.swift in Sources */ = {isa = PBXBuildFile; fileRef = 952289F17662560803C586AF /* FloatingBalanceView.swift */; };
		7501B02AF9C2DAC1F3CCAD21 /* RefreshScheduler.swift in Sources */ = {isa = PBXBuildFile; fileRef = 9250CD26513CD78D08B17465 /* RefreshScheduler.swift */; };
		803D0DDE6CED0BFBAE2CE788 /* SettingsView.swift in Sources */ = {isa = PBXBuildFile; fileRef = 4FA82333C4CE501253464421 /* SettingsView.swift */; };
		899C51154DD9DEFD1A735E27 /* UsageServiceProtocol.swift in Sources */ = {isa = PBXBuildFile; fileRef = 3183AFE5DB5255662AF329DC /* UsageServiceProtocol.swift */; };
		90E1C361E6F70943AF13E9B3 /* Assets.xcassets in Resources */ = {isa = PBXBuildFile; fileRef = E6AA57F0978ECA5AB086AFD0 /* Assets.xcassets */; };
		931CF2A3D4A7546CB1071422 /* DeepSeekService.swift in Sources */ = {isa = PBXBuildFile; fileRef = 557BDB936CFDC482810E5824 /* DeepSeekService.swift */; };
		A869FE213788D5A84689A745 /* DateFormatters.swift in Sources */ = {isa = PBXBuildFile; fileRef = B23D146429E67D0EB6D3ABE4 /* DateFormatters.swift */; };
		B16F8035FC7C8FC0BB30604A /* APIError.swift in Sources */ = {isa = PBXBuildFile; fileRef = 5710E049643DB75BDFEA3768 /* APIError.swift */; };
		B195481D2DD42BF9D5CB4C80 /* FloatingPanelController.swift in Sources */ = {isa = PBXBuildFile; fileRef = AAAFBEF350C935A8C5879918 /* FloatingPanelController.swift */; };
		B3F342F91B19FCC05F5408EB /* DashboardViewModel.swift in Sources */ = {isa = PBXBuildFile; fileRef = 5CB563826C34210266987297 /* DashboardViewModel.swift */; };
		C2BB4EF460AFDC34A2F4B34C /* ProviderRowView.swift in Sources */ = {isa = PBXBuildFile; fileRef = 1CF361F000B046EE3F199919 /* ProviderRowView.swift */; };
		CD88EEEE6CDAA24FECDCF684 /* ExchangeRateService.swift in Sources */ = {isa = PBXBuildFile; fileRef = C2B8DF5385FFBB77E208865D /* ExchangeRateService.swift */; };
		D234F90D2B20489AEAD8C1D8 /* OpenAIService.swift in Sources */ = {isa = PBXBuildFile; fileRef = 88B24A0F422298CAABDBD997 /* OpenAIService.swift */; };
		E44D09F956D668BBA8D9A59A /* kxApp.swift in Sources */ = {isa = PBXBuildFile; fileRef = 7E8B50578EB70BB20246B411 /* kxApp.swift */; };
/* End PBXBuildFile section */

/* Begin PBXContainerItemProxy section */
		F18D9B77F1D4BEA231A85F4A /* PBXContainerItemProxy */ = {
			isa = PBXContainerItemProxy;
			containerPortal = 18F0909A340A54F1A6441373 /* Project object */;
			proxyType = 1;
			remoteGlobalIDString = B130B44C319EE4E77623303F;
			remoteInfo = kx;
		};
/* End PBXContainerItemProxy section */

/* Begin PBXFileReference section */
		13A6300B77D8A320DA940977 /* BalanceRecord.swift */ = {isa = PBXFileReference; lastKnownFileType = sourcecode.swift; path = BalanceRecord.swift; sourceTree = "<group>"; };
		1CF361F000B046EE3F199919 /* ProviderRowView.swift */ = {isa = PBXFileReference; lastKnownFileType = sourcecode.swift; path = ProviderRowView.swift; sourceTree = "<group>"; };
		2305C4F8DE7A6F98CBDDF838 /* kx.app */ = {isa = PBXFileReference; explicitFileType = wrapper.application; includeInIndex = 0; path = kx.app; sourceTree = BUILT_PRODUCTS_DIR; };
		24D2951B121772F9CE4E4086 /* AnthropicService.swift */ = {isa = PBXFileReference; lastKnownFileType = sourcecode.swift; path = AnthropicService.swift; sourceTree = "<group>"; };
		2B890ADCEBFAB1F34A481742 /* Constants.swift */ = {isa = PBXFileReference; lastKnownFileType = sourcecode.swift; path = Constants.swift; sourceTree = "<group>"; };
		3183AFE5DB5255662AF329DC /* UsageServiceProtocol.swift */ = {isa = PBXFileReference; lastKnownFileType = sourcecode.swift; path = UsageServiceProtocol.swift; sourceTree = "<group>"; };
		36B79569BA2E541AC1C4E145 /* LocalCache.swift */ = {isa = PBXFileReference; lastKnownFileType = sourcecode.swift; path = LocalCache.swift; sourceTree = "<group>"; };
		43E9D3FCA43D2373935669A4 /* DeepSeekServiceTests.swift */ = {isa = PBXFileReference; lastKnownFileType = sourcecode.swift; path = DeepSeekServiceTests.swift; sourceTree = "<group>"; };
		4FA82333C4CE501253464421 /* SettingsView.swift */ = {isa = PBXFileReference; lastKnownFileType = sourcecode.swift; path = SettingsView.swift; sourceTree = "<group>"; };
		557BDB936CFDC482810E5824 /* DeepSeekService.swift */ = {isa = PBXFileReference; lastKnownFileType = sourcecode.swift; path = DeepSeekService.swift; sourceTree = "<group>"; };
		5710E049643DB75BDFEA3768 /* APIError.swift */ = {isa = PBXFileReference; lastKnownFileType = sourcecode.swift; path = APIError.swift; sourceTree = "<group>"; };
		5CB563826C34210266987297 /* DashboardViewModel.swift */ = {isa = PBXFileReference; lastKnownFileType = sourcecode.swift; path = DashboardViewModel.swift; sourceTree = "<group>"; };
		5D93AD069FD875924178BBF7 /* UsageServiceFactory.swift */ = {isa = PBXFileReference; lastKnownFileType = sourcecode.swift; path = UsageServiceFactory.swift; sourceTree = "<group>"; };
		6017B3DDA5D19156C01CED00 /* UsageRecord.swift */ = {isa = PBXFileReference; lastKnownFileType = sourcecode.swift; path = UsageRecord.swift; sourceTree = "<group>"; };
		7164C8E2BBA0DC3875DA403D /* KeychainStorageTests.swift */ = {isa = PBXFileReference; lastKnownFileType = sourcecode.swift; path = KeychainStorageTests.swift; sourceTree = "<group>"; };
		7E8B50578EB70BB20246B411 /* kxApp.swift */ = {isa = PBXFileReference; lastKnownFileType = sourcecode.swift; path = kxApp.swift; sourceTree = "<group>"; };
		88B24A0F422298CAABDBD997 /* OpenAIService.swift */ = {isa = PBXFileReference; lastKnownFileType = sourcecode.swift; path = OpenAIService.swift; sourceTree = "<group>"; };
		9250CD26513CD78D08B17465 /* RefreshScheduler.swift */ = {isa = PBXFileReference; lastKnownFileType = sourcecode.swift; path = RefreshScheduler.swift; sourceTree = "<group>"; };
		952289F17662560803C586AF /* FloatingBalanceView.swift */ = {isa = PBXFileReference; lastKnownFileType = sourcecode.swift; path = FloatingBalanceView.swift; sourceTree = "<group>"; };
		9866D7E124A978BF04A8EA49 /* kxTests.xctest */ = {isa = PBXFileReference; explicitFileType = wrapper.cfbundle; includeInIndex = 0; path = kxTests.xctest; sourceTree = BUILT_PRODUCTS_DIR; };
		993E1B9AF8A383981E6A58BD /* MenuBarPopover.swift */ = {isa = PBXFileReference; lastKnownFileType = sourcecode.swift; path = MenuBarPopover.swift; sourceTree = "<group>"; };
		A73339104352C582063D3161 /* ProviderConfig.swift */ = {isa = PBXFileReference; lastKnownFileType = sourcecode.swift; path = ProviderConfig.swift; sourceTree = "<group>"; };
		AAAFBEF350C935A8C5879918 /* FloatingPanelController.swift */ = {isa = PBXFileReference; lastKnownFileType = sourcecode.swift; path = FloatingPanelController.swift; sourceTree = "<group>"; };
		AD0AB46194DBDDB0D51558ED /* KeychainStorage.swift */ = {isa = PBXFileReference; lastKnownFileType = sourcecode.swift; path = KeychainStorage.swift; sourceTree = "<group>"; };
		B048E7D9512A74A98609A216 /* LocalCacheTests.swift */ = {isa = PBXFileReference; lastKnownFileType = sourcecode.swift; path = LocalCacheTests.swift; sourceTree = "<group>"; };
		B23D146429E67D0EB6D3ABE4 /* DateFormatters.swift */ = {isa = PBXFileReference; lastKnownFileType = sourcecode.swift; path = DateFormatters.swift; sourceTree = "<group>"; };
		C2B8DF5385FFBB77E208865D /* ExchangeRateService.swift */ = {isa = PBXFileReference; lastKnownFileType = sourcecode.swift; path = ExchangeRateService.swift; sourceTree = "<group>"; };
		CCBDD4385A8EFEC96E8890D0 /* UsageChartView.swift */ = {isa = PBXFileReference; lastKnownFileType = sourcecode.swift; path = UsageChartView.swift; sourceTree = "<group>"; };
		DBB119EA67B37541FA893520 /* SettingsViewModel.swift */ = {isa = PBXFileReference; lastKnownFileType = sourcecode.swift; path = SettingsViewModel.swift; sourceTree = "<group>"; };
		E6AA57F0978ECA5AB086AFD0 /* Assets.xcassets */ = {isa = PBXFileReference; lastKnownFileType = folder.assetcatalog; path = Assets.xcassets; sourceTree = "<group>"; };
/* End PBXFileReference section */

/* Begin PBXGroup section */
		1F897B7CBE299939E09FD07B /* Products */ = {
			isa = PBXGroup;
			children = (
				2305C4F8DE7A6F98CBDDF838 /* kx.app */,
				9866D7E124A978BF04A8EA49 /* kxTests.xctest */,
			);
			name = Products;
			sourceTree = "<group>";
		};
		4379D73A09964998AD91F912 /* ViewModels */ = {
			isa = PBXGroup;
			children = (
				5CB563826C34210266987297 /* DashboardViewModel.swift */,
				DBB119EA67B37541FA893520 /* SettingsViewModel.swift */,
			);
			path = ViewModels;
			sourceTree = "<group>";
		};
		513241E90BCF5EC21A71A39F /* Services */ = {
			isa = PBXGroup;
			children = (
				24D2951B121772F9CE4E4086 /* AnthropicService.swift */,
				557BDB936CFDC482810E5824 /* DeepSeekService.swift */,
				C2B8DF5385FFBB77E208865D /* ExchangeRateService.swift */,
				88B24A0F422298CAABDBD997 /* OpenAIService.swift */,
				9250CD26513CD78D08B17465 /* RefreshScheduler.swift */,
				5D93AD069FD875924178BBF7 /* UsageServiceFactory.swift */,
				3183AFE5DB5255662AF329DC /* UsageServiceProtocol.swift */,
			);
			path = Services;
			sourceTree = "<group>";
		};
		6E2B5783368122F65D8B642E /* Models */ = {
			isa = PBXGroup;
			children = (
				13A6300B77D8A320DA940977 /* BalanceRecord.swift */,
				A73339104352C582063D3161 /* ProviderConfig.swift */,
				6017B3DDA5D19156C01CED00 /* UsageRecord.swift */,
			);
			path = Models;
			sourceTree = "<group>";
		};
		6FF2FFAF3B1AB2F4E341B2C9 = {
			isa = PBXGroup;
			children = (
				E6AA57F0978ECA5AB086AFD0 /* Assets.xcassets */,
				7E8B50578EB70BB20246B411 /* kxApp.swift */,
				FF364BA505CF8E56D42989C8 /* kxTests */,
				6E2B5783368122F65D8B642E /* Models */,
				513241E90BCF5EC21A71A39F /* Services */,
				8233D4B400586E2F0C5003CB /* Storage */,
				E1A81A1A1EDD9B7E517C551E /* Support */,
				A049A5A7B742CEA8394700E2 /* Utils */,
				4379D73A09964998AD91F912 /* ViewModels */,
				BFE9C890CE34559621AF735B /* Views */,
				1F897B7CBE299939E09FD07B /* Products */,
			);
			sourceTree = "<group>";
		};
		8233D4B400586E2F0C5003CB /* Storage */ = {
			isa = PBXGroup;
			children = (
				AD0AB46194DBDDB0D51558ED /* KeychainStorage.swift */,
				36B79569BA2E541AC1C4E145 /* LocalCache.swift */,
			);
			path = Storage;
			sourceTree = "<group>";
		};
		A049A5A7B742CEA8394700E2 /* Utils */ = {
			isa = PBXGroup;
			children = (
				5710E049643DB75BDFEA3768 /* APIError.swift */,
				2B890ADCEBFAB1F34A481742 /* Constants.swift */,
				B23D146429E67D0EB6D3ABE4 /* DateFormatters.swift */,
			);
			path = Utils;
			sourceTree = "<group>";
		};
		BFE9C890CE34559621AF735B /* Views */ = {
			isa = PBXGroup;
			children = (
				952289F17662560803C586AF /* FloatingBalanceView.swift */,
				993E1B9AF8A383981E6A58BD /* MenuBarPopover.swift */,
				1CF361F000B046EE3F199919 /* ProviderRowView.swift */,
				4FA82333C4CE501253464421 /* SettingsView.swift */,
				CCBDD4385A8EFEC96E8890D0 /* UsageChartView.swift */,
			);
			path = Views;
			sourceTree = "<group>";
		};
		E1A81A1A1EDD9B7E517C551E /* Support */ = {
			isa = PBXGroup;
			children = (
				AAAFBEF350C935A8C5879918 /* FloatingPanelController.swift */,
			);
			path = Support;
			sourceTree = "<group>";
		};
		FF364BA505CF8E56D42989C8 /* kxTests */ = {
			isa = PBXGroup;
			children = (
				43E9D3FCA43D2373935669A4 /* DeepSeekServiceTests.swift */,
				7164C8E2BBA0DC3875DA403D /* KeychainStorageTests.swift */,
				B048E7D9512A74A98609A216 /* LocalCacheTests.swift */,
			);
			path = kxTests;
			sourceTree = "<group>";
		};
/* End PBXGroup section */

/* Begin PBXNativeTarget section */
		B130B44C319EE4E77623303F /* kx */ = {
			isa = PBXNativeTarget;
			buildConfigurationList = 0E1DC8DA151AE3CC957826F0 /* Build configuration list for PBXNativeTarget "kx" */;
			buildPhases = (
				2BA19A9CCDF6352B0D58B8C4 /* Sources */,
				A2B38DF511A018507415AA4D /* Resources */,
			);
			buildRules = (
			);
			dependencies = (
			);
			name = kx;
			packageProductDependencies = (
			);
			productName = kx;
			productReference = 2305C4F8DE7A6F98CBDDF838 /* kx.app */;
			productType = "com.apple.product-type.application";
		};
		B633467D4B79061439123D75 /* kxTests */ = {
			isa = PBXNativeTarget;
			buildConfigurationList = A5E6DFFD952FF14A8ECA9284 /* Build configuration list for PBXNativeTarget "kxTests" */;
			buildPhases = (
				C79520C1D85BF03FE98F940E /* Sources */,
			);
			buildRules = (
			);
			dependencies = (
				3CD4BBC228644BB8F3E853F4 /* PBXTargetDependency */,
			);
			name = kxTests;
			packageProductDependencies = (
			);
			productName = kxTests;
			productReference = 9866D7E124A978BF04A8EA49 /* kxTests.xctest */;
			productType = "com.apple.product-type.bundle.unit-test";
		};
/* End PBXNativeTarget section */

/* Begin PBXProject section */
		18F0909A340A54F1A6441373 /* Project object */ = {
			isa = PBXProject;
			attributes = {
				BuildIndependentTargetsInParallel = YES;
				LastUpgradeCheck = 1600;
				TargetAttributes = {
					B130B44C319EE4E77623303F = {
						ProvisioningStyle = Automatic;
					};
				};
			};
			buildConfigurationList = 4109C040FD8BA61704B0A283 /* Build configuration list for PBXProject "kx" */;
			developmentRegion = en;
			hasScannedForEncodings = 0;
			knownRegions = (
				Base,
				en,
			);
			mainGroup = 6FF2FFAF3B1AB2F4E341B2C9;
			minimizedProjectReferenceProxies = 1;
			preferredProjectObjectVersion = 77;
			productRefGroup = 1F897B7CBE299939E09FD07B /* Products */;
			projectDirPath = "";
			projectRoot = "";
			targets = (
				B130B44C319EE4E77623303F /* kx */,
				B633467D4B79061439123D75 /* kxTests */,
			);
		};
/* End PBXProject section */

/* Begin PBXResourcesBuildPhase section */
		A2B38DF511A018507415AA4D /* Resources */ = {
			isa = PBXResourcesBuildPhase;
			buildActionMask = 2147483647;
			files = (
				90E1C361E6F70943AF13E9B3 /* Assets.xcassets in Resources */,
			);
			runOnlyForDeploymentPostprocessing = 0;
		};
/* End PBXResourcesBuildPhase section */

/* Begin PBXSourcesBuildPhase section */
		2BA19A9CCDF6352B0D58B8C4 /* Sources */ = {
			isa = PBXSourcesBuildPhase;
			buildActionMask = 2147483647;
			files = (
				B16F8035FC7C8FC0BB30604A /* APIError.swift in Sources */,
				197BD468935302D1B5993829 /* AnthropicService.swift in Sources */,
				14A4E8D04E3C87207FAB850A /* BalanceRecord.swift in Sources */,
				4F74DD50327CFE494A026943 /* Constants.swift in Sources */,
				B3F342F91B19FCC05F5408EB /* DashboardViewModel.swift in Sources */,
				A869FE213788D5A84689A745 /* DateFormatters.swift in Sources */,
				931CF2A3D4A7546CB1071422 /* DeepSeekService.swift in Sources */,
				CD88EEEE6CDAA24FECDCF684 /* ExchangeRateService.swift in Sources */,
				6A53F684F2F34A2FEB85AA24 /* FloatingBalanceView.swift in Sources */,
				B195481D2DD42BF9D5CB4C80 /* FloatingPanelController.swift in Sources */,
				389E6247331C48999566FE84 /* KeychainStorage.swift in Sources */,
				28E245372A9B56C38D6F686B /* LocalCache.swift in Sources */,
				535650917A971E333BC5353B /* MenuBarPopover.swift in Sources */,
				D234F90D2B20489AEAD8C1D8 /* OpenAIService.swift in Sources */,
				5E99BA254FE4ADD764DFDAF4 /* ProviderConfig.swift in Sources */,
				C2BB4EF460AFDC34A2F4B34C /* ProviderRowView.swift in Sources */,
				7501B02AF9C2DAC1F3CCAD21 /* RefreshScheduler.swift in Sources */,
				803D0DDE6CED0BFBAE2CE788 /* SettingsView.swift in Sources */,
				4EA67D2E1A15EFC485417BC9 /* SettingsViewModel.swift in Sources */,
				03328CEAD75A9642BF2448B8 /* UsageChartView.swift in Sources */,
				5E5D9C00652CA92B77699442 /* UsageRecord.swift in Sources */,
				01FF3F136F1A256A18C7F5A3 /* UsageServiceFactory.swift in Sources */,
				899C51154DD9DEFD1A735E27 /* UsageServiceProtocol.swift in Sources */,
				E44D09F956D668BBA8D9A59A /* kxApp.swift in Sources */,
			);
			runOnlyForDeploymentPostprocessing = 0;
		};
		C79520C1D85BF03FE98F940E /* Sources */ = {
			isa = PBXSourcesBuildPhase;
			buildActionMask = 2147483647;
			files = (
				68D8AF6389E4833D4679E2A2 /* DeepSeekServiceTests.swift in Sources */,
				563D3D8356A5815DB4A08A4D /* KeychainStorageTests.swift in Sources */,
				2CFB5E7AB08BC3243DD48985 /* LocalCacheTests.swift in Sources */,
			);
			runOnlyForDeploymentPostprocessing = 0;
		};
/* End PBXSourcesBuildPhase section */

/* Begin PBXTargetDependency section */
		3CD4BBC228644BB8F3E853F4 /* PBXTargetDependency */ = {
			isa = PBXTargetDependency;
			target = B130B44C319EE4E77623303F /* kx */;
			targetProxy = F18D9B77F1D4BEA231A85F4A /* PBXContainerItemProxy */;
		};
/* End PBXTargetDependency section */

/* Begin XCBuildConfiguration section */
		049480B581D8CF3C14E735ED /* Release */ = {
			isa = XCBuildConfiguration;
			buildSettings = {
				ASSETCATALOG_COMPILER_APPICON_NAME = AppIcon;
				CODE_SIGN_ENTITLEMENTS = kx.entitlements;
				CODE_SIGN_IDENTITY = "-";
				CODE_SIGN_STYLE = Automatic;
				COMBINE_HIDPI_IMAGES = YES;
				ENABLE_HARDENED_RUNTIME = YES;
				INFOPLIST_FILE = Info.plist;
				LD_RUNPATH_SEARCH_PATHS = (
					"$(inherited)",
					"@executable_path/../Frameworks",
				);
				PRODUCT_BUNDLE_IDENTIFIER = com.leonlei.kx;
				SDKROOT = macosx;
			};
			name = Release;
		};
		16C68A876F694171C252CBBB /* Debug */ = {
			isa = XCBuildConfiguration;
			buildSettings = {
				BUNDLE_LOADER = "$(TEST_HOST)";
				COMBINE_HIDPI_IMAGES = YES;
				LD_RUNPATH_SEARCH_PATHS = (
					"$(inherited)",
					"@executable_path/../Frameworks",
					"@loader_path/../Frameworks",
				);
				PRODUCT_BUNDLE_IDENTIFIER = com.leonlei.kxTests;
				SDKROOT = macosx;
				TEST_HOST = "$(BUILT_PRODUCTS_DIR)/kx.app/Contents/MacOS/kx";
			};
			name = Debug;
		};
		1C064D5E20AF8DB815323351 /* Release */ = {
			isa = XCBuildConfiguration;
			buildSettings = {
				BUNDLE_LOADER = "$(TEST_HOST)";
				COMBINE_HIDPI_IMAGES = YES;
				LD_RUNPATH_SEARCH_PATHS = (
					"$(inherited)",
					"@executable_path/../Frameworks",
					"@loader_path/../Frameworks",
				);
				PRODUCT_BUNDLE_IDENTIFIER = com.leonlei.kxTests;
				SDKROOT = macosx;
				TEST_HOST = "$(BUILT_PRODUCTS_DIR)/kx.app/Contents/MacOS/kx";
			};
			name = Release;
		};
		A97FBA9B340D3620D9796BFB /* Debug */ = {
			isa = XCBuildConfiguration;
			buildSettings = {
				ASSETCATALOG_COMPILER_APPICON_NAME = AppIcon;
				CODE_SIGN_ENTITLEMENTS = kx.entitlements;
				CODE_SIGN_IDENTITY = "-";
				CODE_SIGN_STYLE = Automatic;
				COMBINE_HIDPI_IMAGES = YES;
				ENABLE_HARDENED_RUNTIME = YES;
				INFOPLIST_FILE = Info.plist;
				LD_RUNPATH_SEARCH_PATHS = (
					"$(inherited)",
					"@executable_path/../Frameworks",
				);
				PRODUCT_BUNDLE_IDENTIFIER = com.leonlei.kx;
				SDKROOT = macosx;
			};
			name = Debug;
		};
		A997014F827F9F7B56874F06 /* Release */ = {
			isa = XCBuildConfiguration;
			buildSettings = {
				ALWAYS_SEARCH_USER_PATHS = NO;
				CLANG_ANALYZER_NONNULL = YES;
				CLANG_ANALYZER_NUMBER_OBJECT_CONVERSION = YES_AGGRESSIVE;
				CLANG_CXX_LANGUAGE_STANDARD = "gnu++14";
				CLANG_CXX_LIBRARY = "libc++";
				CLANG_ENABLE_MODULES = YES;
				CLANG_ENABLE_OBJC_ARC = YES;
				CLANG_ENABLE_OBJC_WEAK = YES;
				CLANG_WARN_BLOCK_CAPTURE_AUTORELEASING = YES;
				CLANG_WARN_BOOL_CONVERSION = YES;
				CLANG_WARN_COMMA = YES;
				CLANG_WARN_CONSTANT_CONVERSION = YES;
				CLANG_WARN_DEPRECATED_OBJC_IMPLEMENTATIONS = YES;
				CLANG_WARN_DIRECT_OBJC_ISA_USAGE = YES_ERROR;
				CLANG_WARN_DOCUMENTATION_COMMENTS = YES;
				CLANG_WARN_EMPTY_BODY = YES;
				CLANG_WARN_ENUM_CONVERSION = YES;
				CLANG_WARN_INFINITE_RECURSION = YES;
				CLANG_WARN_INT_CONVERSION = YES;
				CLANG_WARN_NON_LITERAL_NULL_CONVERSION = YES;
				CLANG_WARN_OBJC_IMPLICIT_RETAIN_SELF = YES;
				CLANG_WARN_OBJC_LITERAL_CONVERSION = YES;
				CLANG_WARN_OBJC_ROOT_CLASS = YES_ERROR;
				CLANG_WARN_QUOTED_INCLUDE_IN_FRAMEWORK_HEADER = YES;
				CLANG_WARN_RANGE_LOOP_ANALYSIS = YES;
				CLANG_WARN_STRICT_PROTOTYPES = YES;
				CLANG_WARN_SUSPICIOUS_MOVE = YES;
				CLANG_WARN_UNGUARDED_AVAILABILITY = YES_AGGRESSIVE;
				CLANG_WARN_UNREACHABLE_CODE = YES;
				CLANG_WARN__DUPLICATE_METHOD_MATCH = YES;
				COPY_PHASE_STRIP = NO;
				CURRENT_PROJECT_VERSION = 1;
				DEBUG_INFORMATION_FORMAT = "dwarf-with-dsym";
				ENABLE_NS_ASSERTIONS = NO;
				ENABLE_STRICT_OBJC_MSGSEND = YES;
				GCC_C_LANGUAGE_STANDARD = gnu11;
				GCC_NO_COMMON_BLOCKS = YES;
				GCC_WARN_64_TO_32_BIT_CONVERSION = YES;
				GCC_WARN_ABOUT_RETURN_TYPE = YES_ERROR;
				GCC_WARN_UNDECLARED_SELECTOR = YES;
				GCC_WARN_UNINITIALIZED_AUTOS = YES_AGGRESSIVE;
				GCC_WARN_UNUSED_FUNCTION = YES;
				GCC_WARN_UNUSED_VARIABLE = YES;
				MACOSX_DEPLOYMENT_TARGET = 14.0;
				MARKETING_VERSION = 1.0.0;
				MTL_ENABLE_DEBUG_INFO = NO;
				MTL_FAST_MATH = YES;
				PRODUCT_NAME = "$(TARGET_NAME)";
				SDKROOT = macosx;
				SWIFT_COMPILATION_MODE = wholemodule;
				SWIFT_OPTIMIZATION_LEVEL = "-O";
				SWIFT_VERSION = 5.9;
			};
			name = Release;
		};
		F6EF4FEBCD6AB1AA927441E4 /* Debug */ = {
			isa = XCBuildConfiguration;
			buildSettings = {
				ALWAYS_SEARCH_USER_PATHS = NO;
				CLANG_ANALYZER_NONNULL = YES;
				CLANG_ANALYZER_NUMBER_OBJECT_CONVERSION = YES_AGGRESSIVE;
				CLANG_CXX_LANGUAGE_STANDARD = "gnu++14";
				CLANG_CXX_LIBRARY = "libc++";
				CLANG_ENABLE_MODULES = YES;
				CLANG_ENABLE_OBJC_ARC = YES;
				CLANG_ENABLE_OBJC_WEAK = YES;
				CLANG_WARN_BLOCK_CAPTURE_AUTORELEASING = YES;
				CLANG_WARN_BOOL_CONVERSION = YES;
				CLANG_WARN_COMMA = YES;
				CLANG_WARN_CONSTANT_CONVERSION = YES;
				CLANG_WARN_DEPRECATED_OBJC_IMPLEMENTATIONS = YES;
				CLANG_WARN_DIRECT_OBJC_ISA_USAGE = YES_ERROR;
				CLANG_WARN_DOCUMENTATION_COMMENTS = YES;
				CLANG_WARN_EMPTY_BODY = YES;
				CLANG_WARN_ENUM_CONVERSION = YES;
				CLANG_WARN_INFINITE_RECURSION = YES;
				CLANG_WARN_INT_CONVERSION = YES;
				CLANG_WARN_NON_LITERAL_NULL_CONVERSION = YES;
				CLANG_WARN_OBJC_IMPLICIT_RETAIN_SELF = YES;
				CLANG_WARN_OBJC_LITERAL_CONVERSION = YES;
				CLANG_WARN_OBJC_ROOT_CLASS = YES_ERROR;
				CLANG_WARN_QUOTED_INCLUDE_IN_FRAMEWORK_HEADER = YES;
				CLANG_WARN_RANGE_LOOP_ANALYSIS = YES;
				CLANG_WARN_STRICT_PROTOTYPES = YES;
				CLANG_WARN_SUSPICIOUS_MOVE = YES;
				CLANG_WARN_UNGUARDED_AVAILABILITY = YES_AGGRESSIVE;
				CLANG_WARN_UNREACHABLE_CODE = YES;
				CLANG_WARN__DUPLICATE_METHOD_MATCH = YES;
				COPY_PHASE_STRIP = NO;
				CURRENT_PROJECT_VERSION = 1;
				DEBUG_INFORMATION_FORMAT = dwarf;
				ENABLE_STRICT_OBJC_MSGSEND = YES;
				ENABLE_TESTABILITY = YES;
				GCC_C_LANGUAGE_STANDARD = gnu11;
				GCC_DYNAMIC_NO_PIC = NO;
				GCC_NO_COMMON_BLOCKS = YES;
				GCC_OPTIMIZATION_LEVEL = 0;
				GCC_PREPROCESSOR_DEFINITIONS = (
					"$(inherited)",
					"DEBUG=1",
				);
				GCC_WARN_64_TO_32_BIT_CONVERSION = YES;
				GCC_WARN_ABOUT_RETURN_TYPE = YES_ERROR;
				GCC_WARN_UNDECLARED_SELECTOR = YES;
				GCC_WARN_UNINITIALIZED_AUTOS = YES_AGGRESSIVE;
				GCC_WARN_UNUSED_FUNCTION = YES;
				GCC_WARN_UNUSED_VARIABLE = YES;
				MACOSX_DEPLOYMENT_TARGET = 14.0;
				MARKETING_VERSION = 1.0.0;
				MTL_ENABLE_DEBUG_INFO = INCLUDE_SOURCE;
				MTL_FAST_MATH = YES;
				ONLY_ACTIVE_ARCH = YES;
				PRODUCT_NAME = "$(TARGET_NAME)";
				SDKROOT = macosx;
				SWIFT_ACTIVE_COMPILATION_CONDITIONS = DEBUG;
				SWIFT_OPTIMIZATION_LEVEL = "-Onone";
				SWIFT_VERSION = 5.9;
			};
			name = Debug;
		};
/* End XCBuildConfiguration section */

/* Begin XCConfigurationList section */
		0E1DC8DA151AE3CC957826F0 /* Build configuration list for PBXNativeTarget "kx" */ = {
			isa = XCConfigurationList;
			buildConfigurations = (
				A97FBA9B340D3620D9796BFB /* Debug */,
				049480B581D8CF3C14E735ED /* Release */,
			);
			defaultConfigurationIsVisible = 0;
			defaultConfigurationName = Debug;
		};
		4109C040FD8BA61704B0A283 /* Build configuration list for PBXProject "kx" */ = {
			isa = XCConfigurationList;
			buildConfigurations = (
				F6EF4FEBCD6AB1AA927441E4 /* Debug */,
				A997014F827F9F7B56874F06 /* Release */,
			);
			defaultConfigurationIsVisible = 0;
			defaultConfigurationName = Debug;
		};
		A5E6DFFD952FF14A8ECA9284 /* Build configuration list for PBXNativeTarget "kxTests" */ = {
			isa = XCConfigurationList;
			buildConfigurations = (
				16C68A876F694171C252CBBB /* Debug */,
				1C064D5E20AF8DB815323351 /* Release */,
			);
			defaultConfigurationIsVisible = 0;
			defaultConfigurationName = Debug;
		};
/* End XCConfigurationList section */
	};
	rootObject = 18F0909A340A54F1A6441373 /* Project object */;
}
