// !$*UTF8*$!
{
	archiveVersion = 1;
	classes = {
	};
	objectVersion = 77;
	objects = {

/* Begin PBXBuildFile section */
		027C70DFDB75E52A8442950C /* UsageRecord.swift in Sources */ = {isa = PBXBuildFile; fileRef = B8890F9330F015FCA59B9D4D /* UsageRecord.swift */; };
		16CE88A83B828CED39D4A0C1 /* RefreshScheduler.swift in Sources */ = {isa = PBXBuildFile; fileRef = F3FCA8B4BC259702C40E69A1 /* RefreshScheduler.swift */; };
		178FB577438EEB3F10E37620 /* UsageServiceFactory.swift in Sources */ = {isa = PBXBuildFile; fileRef = 0955B0E7564747CA7BDA442A /* UsageServiceFactory.swift */; };
		2BE8E837BA172AF97E169F39 /* APIError.swift in Sources */ = {isa = PBXBuildFile; fileRef = 2573EF5FAA36261176A72879 /* APIError.swift */; };
		3614C4F41E5CA19AE769581E /* AnthropicService.swift in Sources */ = {isa = PBXBuildFile; fileRef = E97A6FA3B45241119EDEDCDF /* AnthropicService.swift */; };
		473CC467E3F2ED1952F7784C /* KeychainStorageTests.swift in Sources */ = {isa = PBXBuildFile; fileRef = 120BE1993E2AE9247B010303 /* KeychainStorageTests.swift */; };
		51239694C6EC35AF24042492 /* UsageServiceProtocol.swift in Sources */ = {isa = PBXBuildFile; fileRef = EDF4A4BA9D20AACD1A7F8A95 /* UsageServiceProtocol.swift */; };
		5B059885762E2B19F92EA760 /* DeepSeekService.swift in Sources */ = {isa = PBXBuildFile; fileRef = FE0DC772FECDC30FDE5C1FFE /* DeepSeekService.swift */; };
		634DD636F2B2FB6C025352EA /* ProviderConfig.swift in Sources */ = {isa = PBXBuildFile; fileRef = 980FF1E506AB61F8AB939F75 /* ProviderConfig.swift */; };
		6434E3513D43E5BC2AB0A979 /* SettingsViewModel.swift in Sources */ = {isa = PBXBuildFile; fileRef = 7106C1DA492A96CFE8ABDC8A /* SettingsViewModel.swift */; };
		6CB208864A7D44883ECA9879 /* DateFormatters.swift in Sources */ = {isa = PBXBuildFile; fileRef = 39EC02BC89D43827BA507517 /* DateFormatters.swift */; };
		7F32921A2D9C9EE5CFECEF64 /* FloatingPanelController.swift in Sources */ = {isa = PBXBuildFile; fileRef = D739879C65176BD5E4DB36D0 /* FloatingPanelController.swift */; };
		8969BC6096664EF38843D25E /* LocalCache.swift in Sources */ = {isa = PBXBuildFile; fileRef = A46B07748CF7B3EEB9FC4103 /* LocalCache.swift */; };
		8D3DC0A610E077463949AF7B /* OpenAIService.swift in Sources */ = {isa = PBXBuildFile; fileRef = 3E40287C217F79DC937500BE /* OpenAIService.swift */; };
		8D4F2CEBB106E6C3855AA064 /* BalanceRecord.swift in Sources */ = {isa = PBXBuildFile; fileRef = 806C7244E3D4D73753DEB088 /* BalanceRecord.swift */; };
		94399BF3F13C9D6DD53D1E92 /* KeychainStorage.swift in Sources */ = {isa = PBXBuildFile; fileRef = 6313F3D7C9B7993F0F76C38E /* KeychainStorage.swift */; };
		956DFFB159418040FF52D015 /* SettingsView.swift in Sources */ = {isa = PBXBuildFile; fileRef = D89A959ABE0CC845B7E58D34 /* SettingsView.swift */; };
		9DC7E5FC54657DD486A0FC33 /* FloatingBalanceView.swift in Sources */ = {isa = PBXBuildFile; fileRef = BC4ECEB8E57EAF66F9DE4DD4 /* FloatingBalanceView.swift */; };
		A46201D3D9DCEB1F451F1E59 /* DashboardViewModel.swift in Sources */ = {isa = PBXBuildFile; fileRef = 1C3E8CF7DE46D9F6CDBDBEBB /* DashboardViewModel.swift */; };
		AD32636E0E1EE2F11A6FF81B /* ProviderRowView.swift in Sources */ = {isa = PBXBuildFile; fileRef = FC35FE5D9EF067B1A2AC1845 /* ProviderRowView.swift */; };
		B03B1DD631BC33A2A90C9708 /* DeepSeekServiceTests.swift in Sources */ = {isa = PBXBuildFile; fileRef = B341AA739B23F7F56D763BA6 /* DeepSeekServiceTests.swift */; };
		B05DE45DE54CA276A732B387 /* UsageChartView.swift in Sources */ = {isa = PBXBuildFile; fileRef = 054F6524E910AA20255A2415 /* UsageChartView.swift */; };
		BE17B910E0B5359C5AEF0F38 /* Constants.swift in Sources */ = {isa = PBXBuildFile; fileRef = 3E07C165518F30314C18F99D /* Constants.swift */; };
		C647D8B0DEE7203BD7AC2539 /* MenuBarPopover.swift in Sources */ = {isa = PBXBuildFile; fileRef = 1FE545EE15E9D70B4EC7B450 /* MenuBarPopover.swift */; };
		DF379131821F03AD37AF0CD9 /* LocalCacheTests.swift in Sources */ = {isa = PBXBuildFile; fileRef = D2ABB30F53ACE3687D0C5A49 /* LocalCacheTests.swift */; };
		E446F2C7055DF907BE25BADF /* Assets.xcassets in Resources */ = {isa = PBXBuildFile; fileRef = F05935E2FC0AFB3EE588A695 /* Assets.xcassets */; };
		FEAD118BD0EA862F4195CA42 /* AIUsageTrackerApp.swift in Sources */ = {isa = PBXBuildFile; fileRef = 592612F1E96DC0244000C04E /* AIUsageTrackerApp.swift */; };
/* End PBXBuildFile section */

/* Begin PBXContainerItemProxy section */
		C7E522D9739E33D82ADB1F50 /* PBXContainerItemProxy */ = {
			isa = PBXContainerItemProxy;
			containerPortal = 5A2EB5FBC05BB3BD5DFD57E5 /* Project object */;
			proxyType = 1;
			remoteGlobalIDString = D431A8215EDAECCDD3998383;
			remoteInfo = AIUsageTracker;
		};
/* End PBXContainerItemProxy section */

/* Begin PBXFileReference section */
		054F6524E910AA20255A2415 /* UsageChartView.swift */ = {isa = PBXFileReference; lastKnownFileType = sourcecode.swift; path = UsageChartView.swift; sourceTree = "<group>"; };
		0955B0E7564747CA7BDA442A /* UsageServiceFactory.swift */ = {isa = PBXFileReference; lastKnownFileType = sourcecode.swift; path = UsageServiceFactory.swift; sourceTree = "<group>"; };
		120BE1993E2AE9247B010303 /* KeychainStorageTests.swift */ = {isa = PBXFileReference; lastKnownFileType = sourcecode.swift; path = KeychainStorageTests.swift; sourceTree = "<group>"; };
		1C3E8CF7DE46D9F6CDBDBEBB /* DashboardViewModel.swift */ = {isa = PBXFileReference; lastKnownFileType = sourcecode.swift; path = DashboardViewModel.swift; sourceTree = "<group>"; };
		1FE545EE15E9D70B4EC7B450 /* MenuBarPopover.swift */ = {isa = PBXFileReference; lastKnownFileType = sourcecode.swift; path = MenuBarPopover.swift; sourceTree = "<group>"; };
		2573EF5FAA36261176A72879 /* APIError.swift */ = {isa = PBXFileReference; lastKnownFileType = sourcecode.swift; path = APIError.swift; sourceTree = "<group>"; };
		32DADE2E912D90D01190C629 /* AIUsageTracker.app */ = {isa = PBXFileReference; explicitFileType = wrapper.application; includeInIndex = 0; path = AIUsageTracker.app; sourceTree = BUILT_PRODUCTS_DIR; };
		39EC02BC89D43827BA507517 /* DateFormatters.swift */ = {isa = PBXFileReference; lastKnownFileType = sourcecode.swift; path = DateFormatters.swift; sourceTree = "<group>"; };
		3E07C165518F30314C18F99D /* Constants.swift */ = {isa = PBXFileReference; lastKnownFileType = sourcecode.swift; path = Constants.swift; sourceTree = "<group>"; };
		3E40287C217F79DC937500BE /* OpenAIService.swift */ = {isa = PBXFileReference; lastKnownFileType = sourcecode.swift; path = OpenAIService.swift; sourceTree = "<group>"; };
		592612F1E96DC0244000C04E /* AIUsageTrackerApp.swift */ = {isa = PBXFileReference; lastKnownFileType = sourcecode.swift; path = AIUsageTrackerApp.swift; sourceTree = "<group>"; };
		5C479918F83630BCA4EC3597 /* AIUsageTrackerTests.xctest */ = {isa = PBXFileReference; explicitFileType = wrapper.cfbundle; includeInIndex = 0; path = AIUsageTrackerTests.xctest; sourceTree = BUILT_PRODUCTS_DIR; };
		6313F3D7C9B7993F0F76C38E /* KeychainStorage.swift */ = {isa = PBXFileReference; lastKnownFileType = sourcecode.swift; path = KeychainStorage.swift; sourceTree = "<group>"; };
		7106C1DA492A96CFE8ABDC8A /* SettingsViewModel.swift */ = {isa = PBXFileReference; lastKnownFileType = sourcecode.swift; path = SettingsViewModel.swift; sourceTree = "<group>"; };
		806C7244E3D4D73753DEB088 /* BalanceRecord.swift */ = {isa = PBXFileReference; lastKnownFileType = sourcecode.swift; path = BalanceRecord.swift; sourceTree = "<group>"; };
		980FF1E506AB61F8AB939F75 /* ProviderConfig.swift */ = {isa = PBXFileReference; lastKnownFileType = sourcecode.swift; path = ProviderConfig.swift; sourceTree = "<group>"; };
		A46B07748CF7B3EEB9FC4103 /* LocalCache.swift */ = {isa = PBXFileReference; lastKnownFileType = sourcecode.swift; path = LocalCache.swift; sourceTree = "<group>"; };
		B341AA739B23F7F56D763BA6 /* DeepSeekServiceTests.swift */ = {isa = PBXFileReference; lastKnownFileType = sourcecode.swift; path = DeepSeekServiceTests.swift; sourceTree = "<group>"; };
		B8890F9330F015FCA59B9D4D /* UsageRecord.swift */ = {isa = PBXFileReference; lastKnownFileType = sourcecode.swift; path = UsageRecord.swift; sourceTree = "<group>"; };
		BC4ECEB8E57EAF66F9DE4DD4 /* FloatingBalanceView.swift */ = {isa = PBXFileReference; lastKnownFileType = sourcecode.swift; path = FloatingBalanceView.swift; sourceTree = "<group>"; };
		D2ABB30F53ACE3687D0C5A49 /* LocalCacheTests.swift */ = {isa = PBXFileReference; lastKnownFileType = sourcecode.swift; path = LocalCacheTests.swift; sourceTree = "<group>"; };
		D739879C65176BD5E4DB36D0 /* FloatingPanelController.swift */ = {isa = PBXFileReference; lastKnownFileType = sourcecode.swift; path = FloatingPanelController.swift; sourceTree = "<group>"; };
		D89A959ABE0CC845B7E58D34 /* SettingsView.swift */ = {isa = PBXFileReference; lastKnownFileType = sourcecode.swift; path = SettingsView.swift; sourceTree = "<group>"; };
		E97A6FA3B45241119EDEDCDF /* AnthropicService.swift */ = {isa = PBXFileReference; lastKnownFileType = sourcecode.swift; path = AnthropicService.swift; sourceTree = "<group>"; };
		EDF4A4BA9D20AACD1A7F8A95 /* UsageServiceProtocol.swift */ = {isa = PBXFileReference; lastKnownFileType = sourcecode.swift; path = UsageServiceProtocol.swift; sourceTree = "<group>"; };
		F05935E2FC0AFB3EE588A695 /* Assets.xcassets */ = {isa = PBXFileReference; lastKnownFileType = folder.assetcatalog; path = Assets.xcassets; sourceTree = "<group>"; };
		F3FCA8B4BC259702C40E69A1 /* RefreshScheduler.swift */ = {isa = PBXFileReference; lastKnownFileType = sourcecode.swift; path = RefreshScheduler.swift; sourceTree = "<group>"; };
		FC35FE5D9EF067B1A2AC1845 /* ProviderRowView.swift */ = {isa = PBXFileReference; lastKnownFileType = sourcecode.swift; path = ProviderRowView.swift; sourceTree = "<group>"; };
		FE0DC772FECDC30FDE5C1FFE /* DeepSeekService.swift */ = {isa = PBXFileReference; lastKnownFileType = sourcecode.swift; path = DeepSeekService.swift; sourceTree = "<group>"; };
/* End PBXFileReference section */

/* Begin PBXGroup section */
		0066139FBF01DED28A49D09B /* Support */ = {
			isa = PBXGroup;
			children = (
				D739879C65176BD5E4DB36D0 /* FloatingPanelController.swift */,
			);
			path = Support;
			sourceTree = "<group>";
		};
		0938BE90FBD4C5E9FC3E7261 = {
			isa = PBXGroup;
			children = (
				592612F1E96DC0244000C04E /* AIUsageTrackerApp.swift */,
				F05935E2FC0AFB3EE588A695 /* Assets.xcassets */,
				70FAFD8C74A6E0BD2833254B /* AIUsageTrackerTests */,
				C6B4454153BD04BE5BE8E529 /* Models */,
				8C2BCDF142A961E26F78A05B /* Services */,
				71769985853956A37A635553 /* Storage */,
				0066139FBF01DED28A49D09B /* Support */,
				3AD2E96B68CDAFEAA6DBB09F /* Utils */,
				AE6019E171A70C0AA5102A6F /* ViewModels */,
				54B1A1E4E3B13512B14B8CDD /* Views */,
				A6F60E52D1BED7EE981FE74E /* Products */,
			);
			sourceTree = "<group>";
		};
		3AD2E96B68CDAFEAA6DBB09F /* Utils */ = {
			isa = PBXGroup;
			children = (
				2573EF5FAA36261176A72879 /* APIError.swift */,
				3E07C165518F30314C18F99D /* Constants.swift */,
				39EC02BC89D43827BA507517 /* DateFormatters.swift */,
			);
			path = Utils;
			sourceTree = "<group>";
		};
		54B1A1E4E3B13512B14B8CDD /* Views */ = {
			isa = PBXGroup;
			children = (
				BC4ECEB8E57EAF66F9DE4DD4 /* FloatingBalanceView.swift */,
				1FE545EE15E9D70B4EC7B450 /* MenuBarPopover.swift */,
				FC35FE5D9EF067B1A2AC1845 /* ProviderRowView.swift */,
				D89A959ABE0CC845B7E58D34 /* SettingsView.swift */,
				054F6524E910AA20255A2415 /* UsageChartView.swift */,
			);
			path = Views;
			sourceTree = "<group>";
		};
		70FAFD8C74A6E0BD2833254B /* AIUsageTrackerTests */ = {
			isa = PBXGroup;
			children = (
				B341AA739B23F7F56D763BA6 /* DeepSeekServiceTests.swift */,
				120BE1993E2AE9247B010303 /* KeychainStorageTests.swift */,
				D2ABB30F53ACE3687D0C5A49 /* LocalCacheTests.swift */,
			);
			path = AIUsageTrackerTests;
			sourceTree = "<group>";
		};
		71769985853956A37A635553 /* Storage */ = {
			isa = PBXGroup;
			children = (
				6313F3D7C9B7993F0F76C38E /* KeychainStorage.swift */,
				A46B07748CF7B3EEB9FC4103 /* LocalCache.swift */,
			);
			path = Storage;
			sourceTree = "<group>";
		};
		8C2BCDF142A961E26F78A05B /* Services */ = {
			isa = PBXGroup;
			children = (
				E97A6FA3B45241119EDEDCDF /* AnthropicService.swift */,
				FE0DC772FECDC30FDE5C1FFE /* DeepSeekService.swift */,
				3E40287C217F79DC937500BE /* OpenAIService.swift */,
				F3FCA8B4BC259702C40E69A1 /* RefreshScheduler.swift */,
				0955B0E7564747CA7BDA442A /* UsageServiceFactory.swift */,
				EDF4A4BA9D20AACD1A7F8A95 /* UsageServiceProtocol.swift */,
			);
			path = Services;
			sourceTree = "<group>";
		};
		A6F60E52D1BED7EE981FE74E /* Products */ = {
			isa = PBXGroup;
			children = (
				32DADE2E912D90D01190C629 /* AIUsageTracker.app */,
				5C479918F83630BCA4EC3597 /* AIUsageTrackerTests.xctest */,
			);
			name = Products;
			sourceTree = "<group>";
		};
		AE6019E171A70C0AA5102A6F /* ViewModels */ = {
			isa = PBXGroup;
			children = (
				1C3E8CF7DE46D9F6CDBDBEBB /* DashboardViewModel.swift */,
				7106C1DA492A96CFE8ABDC8A /* SettingsViewModel.swift */,
			);
			path = ViewModels;
			sourceTree = "<group>";
		};
		C6B4454153BD04BE5BE8E529 /* Models */ = {
			isa = PBXGroup;
			children = (
				806C7244E3D4D73753DEB088 /* BalanceRecord.swift */,
				980FF1E506AB61F8AB939F75 /* ProviderConfig.swift */,
				B8890F9330F015FCA59B9D4D /* UsageRecord.swift */,
			);
			path = Models;
			sourceTree = "<group>";
		};
/* End PBXGroup section */

/* Begin PBXNativeTarget section */
		0067952598991B51E51915D7 /* AIUsageTrackerTests */ = {
			isa = PBXNativeTarget;
			buildConfigurationList = 1E09B91EA562B105FC707678 /* Build configuration list for PBXNativeTarget "AIUsageTrackerTests" */;
			buildPhases = (
				9C25E2EE8E4F3E680B662898 /* Sources */,
			);
			buildRules = (
			);
			dependencies = (
				46062C5658B0F5714A555F24 /* PBXTargetDependency */,
			);
			name = AIUsageTrackerTests;
			packageProductDependencies = (
			);
			productName = AIUsageTrackerTests;
			productReference = 5C479918F83630BCA4EC3597 /* AIUsageTrackerTests.xctest */;
			productType = "com.apple.product-type.bundle.unit-test";
		};
		D431A8215EDAECCDD3998383 /* AIUsageTracker */ = {
			isa = PBXNativeTarget;
			buildConfigurationList = E853DFEC6D73EB9087421694 /* Build configuration list for PBXNativeTarget "AIUsageTracker" */;
			buildPhases = (
				A36D86E625CB5DBBC00124D9 /* Sources */,
				26BBA8DE0054579B83F205E7 /* Resources */,
			);
			buildRules = (
			);
			dependencies = (
			);
			name = AIUsageTracker;
			packageProductDependencies = (
			);
			productName = AIUsageTracker;
			productReference = 32DADE2E912D90D01190C629 /* AIUsageTracker.app */;
			productType = "com.apple.product-type.application";
		};
/* End PBXNativeTarget section */

/* Begin PBXProject section */
		5A2EB5FBC05BB3BD5DFD57E5 /* Project object */ = {
			isa = PBXProject;
			attributes = {
				BuildIndependentTargetsInParallel = YES;
				LastUpgradeCheck = 1600;
				TargetAttributes = {
					D431A8215EDAECCDD3998383 = {
						ProvisioningStyle = Automatic;
					};
				};
			};
			buildConfigurationList = 08BE9D0A5DE9CE4AB40958B0 /* Build configuration list for PBXProject "AIUsageTracker" */;
			developmentRegion = en;
			hasScannedForEncodings = 0;
			knownRegions = (
				Base,
				en,
			);
			mainGroup = 0938BE90FBD4C5E9FC3E7261;
			minimizedProjectReferenceProxies = 1;
			preferredProjectObjectVersion = 77;
			productRefGroup = A6F60E52D1BED7EE981FE74E /* Products */;
			projectDirPath = "";
			projectRoot = "";
			targets = (
				D431A8215EDAECCDD3998383 /* AIUsageTracker */,
				0067952598991B51E51915D7 /* AIUsageTrackerTests */,
			);
		};
/* End PBXProject section */

/* Begin PBXResourcesBuildPhase section */
		26BBA8DE0054579B83F205E7 /* Resources */ = {
			isa = PBXResourcesBuildPhase;
			buildActionMask = 2147483647;
			files = (
				E446F2C7055DF907BE25BADF /* Assets.xcassets in Resources */,
			);
			runOnlyForDeploymentPostprocessing = 0;
		};
/* End PBXResourcesBuildPhase section */

/* Begin PBXSourcesBuildPhase section */
		9C25E2EE8E4F3E680B662898 /* Sources */ = {
			isa = PBXSourcesBuildPhase;
			buildActionMask = 2147483647;
			files = (
				B03B1DD631BC33A2A90C9708 /* DeepSeekServiceTests.swift in Sources */,
				473CC467E3F2ED1952F7784C /* KeychainStorageTests.swift in Sources */,
				DF379131821F03AD37AF0CD9 /* LocalCacheTests.swift in Sources */,
			);
			runOnlyForDeploymentPostprocessing = 0;
		};
		A36D86E625CB5DBBC00124D9 /* Sources */ = {
			isa = PBXSourcesBuildPhase;
			buildActionMask = 2147483647;
			files = (
				FEAD118BD0EA862F4195CA42 /* AIUsageTrackerApp.swift in Sources */,
				2BE8E837BA172AF97E169F39 /* APIError.swift in Sources */,
				3614C4F41E5CA19AE769581E /* AnthropicService.swift in Sources */,
				8D4F2CEBB106E6C3855AA064 /* BalanceRecord.swift in Sources */,
				BE17B910E0B5359C5AEF0F38 /* Constants.swift in Sources */,
				A46201D3D9DCEB1F451F1E59 /* DashboardViewModel.swift in Sources */,
				6CB208864A7D44883ECA9879 /* DateFormatters.swift in Sources */,
				5B059885762E2B19F92EA760 /* DeepSeekService.swift in Sources */,
				9DC7E5FC54657DD486A0FC33 /* FloatingBalanceView.swift in Sources */,
				7F32921A2D9C9EE5CFECEF64 /* FloatingPanelController.swift in Sources */,
				94399BF3F13C9D6DD53D1E92 /* KeychainStorage.swift in Sources */,
				8969BC6096664EF38843D25E /* LocalCache.swift in Sources */,
				C647D8B0DEE7203BD7AC2539 /* MenuBarPopover.swift in Sources */,
				8D3DC0A610E077463949AF7B /* OpenAIService.swift in Sources */,
				634DD636F2B2FB6C025352EA /* ProviderConfig.swift in Sources */,
				AD32636E0E1EE2F11A6FF81B /* ProviderRowView.swift in Sources */,
				16CE88A83B828CED39D4A0C1 /* RefreshScheduler.swift in Sources */,
				956DFFB159418040FF52D015 /* SettingsView.swift in Sources */,
				6434E3513D43E5BC2AB0A979 /* SettingsViewModel.swift in Sources */,
				B05DE45DE54CA276A732B387 /* UsageChartView.swift in Sources */,
				027C70DFDB75E52A8442950C /* UsageRecord.swift in Sources */,
				178FB577438EEB3F10E37620 /* UsageServiceFactory.swift in Sources */,
				51239694C6EC35AF24042492 /* UsageServiceProtocol.swift in Sources */,
			);
			runOnlyForDeploymentPostprocessing = 0;
		};
/* End PBXSourcesBuildPhase section */

/* Begin PBXTargetDependency section */
		46062C5658B0F5714A555F24 /* PBXTargetDependency */ = {
			isa = PBXTargetDependency;
			target = D431A8215EDAECCDD3998383 /* AIUsageTracker */;
			targetProxy = C7E522D9739E33D82ADB1F50 /* PBXContainerItemProxy */;
		};
/* End PBXTargetDependency section */

/* Begin XCBuildConfiguration section */
		3BDDEBB3B7F90E419D82F358 /* Debug */ = {
			isa = XCBuildConfiguration;
			buildSettings = {
				ASSETCATALOG_COMPILER_APPICON_NAME = AppIcon;
				CODE_SIGN_ENTITLEMENTS = AIUsageTracker.entitlements;
				CODE_SIGN_IDENTITY = "-";
				CODE_SIGN_STYLE = Automatic;
				COMBINE_HIDPI_IMAGES = YES;
				ENABLE_HARDENED_RUNTIME = YES;
				INFOPLIST_FILE = Info.plist;
				LD_RUNPATH_SEARCH_PATHS = (
					"$(inherited)",
					"@executable_path/../Frameworks",
				);
				PRODUCT_BUNDLE_IDENTIFIER = com.leonlei.aiusagetracker;
				SDKROOT = macosx;
			};
			name = Debug;
		};
		7FC01B2E6B786059FBE63E7B /* Release */ = {
			isa = XCBuildConfiguration;
			buildSettings = {
				BUNDLE_LOADER = "$(TEST_HOST)";
				COMBINE_HIDPI_IMAGES = YES;
				LD_RUNPATH_SEARCH_PATHS = (
					"$(inherited)",
					"@executable_path/../Frameworks",
					"@loader_path/../Frameworks",
				);
				PRODUCT_BUNDLE_IDENTIFIER = com.leonlei.AIUsageTrackerTests;
				SDKROOT = macosx;
				TEST_HOST = "$(BUILT_PRODUCTS_DIR)/AIUsageTracker.app/Contents/MacOS/AIUsageTracker";
			};
			name = Release;
		};
		80631BA6084EEA9222EDE22E /* Debug */ = {
			isa = XCBuildConfiguration;
			buildSettings = {
				ALWAYS_SEARCH_USER_PATHS = NO;
				CLANG_ANALYZER_NONNULL = YES;
				CLANG_ANALYZER_NUMBER_OBJECT_CONVERSION = YES_AGGRESSIVE;
				CLANG_CXX_LANGUAGE_STANDARD = "gnu++14";
				CLANG_CXX_LIBRARY = "libc++";
				CLANG_ENABLE_MODULES = YES;
				CLANG_ENABLE_OBJC_ARC = YES;
				CLANG_ENABLE_OBJC_WEAK = YES;
				CLANG_WARN_BLOCK_CAPTURE_AUTORELEASING = YES;
				CLANG_WARN_BOOL_CONVERSION = YES;
				CLANG_WARN_COMMA = YES;
				CLANG_WARN_CONSTANT_CONVERSION = YES;
				CLANG_WARN_DEPRECATED_OBJC_IMPLEMENTATIONS = YES;
				CLANG_WARN_DIRECT_OBJC_ISA_USAGE = YES_ERROR;
				CLANG_WARN_DOCUMENTATION_COMMENTS = YES;
				CLANG_WARN_EMPTY_BODY = YES;
				CLANG_WARN_ENUM_CONVERSION = YES;
				CLANG_WARN_INFINITE_RECURSION = YES;
				CLANG_WARN_INT_CONVERSION = YES;
				CLANG_WARN_NON_LITERAL_NULL_CONVERSION = YES;
				CLANG_WARN_OBJC_IMPLICIT_RETAIN_SELF = YES;
				CLANG_WARN_OBJC_LITERAL_CONVERSION = YES;
				CLANG_WARN_OBJC_ROOT_CLASS = YES_ERROR;
				CLANG_WARN_QUOTED_INCLUDE_IN_FRAMEWORK_HEADER = YES;
				CLANG_WARN_RANGE_LOOP_ANALYSIS = YES;
				CLANG_WARN_STRICT_PROTOTYPES = YES;
				CLANG_WARN_SUSPICIOUS_MOVE = YES;
				CLANG_WARN_UNGUARDED_AVAILABILITY = YES_AGGRESSIVE;
				CLANG_WARN_UNREACHABLE_CODE = YES;
				CLANG_WARN__DUPLICATE_METHOD_MATCH = YES;
				COPY_PHASE_STRIP = NO;
				CURRENT_PROJECT_VERSION = 1;
				DEBUG_INFORMATION_FORMAT = dwarf;
				ENABLE_STRICT_OBJC_MSGSEND = YES;
				ENABLE_TESTABILITY = YES;
				GCC_C_LANGUAGE_STANDARD = gnu11;
				GCC_DYNAMIC_NO_PIC = NO;
				GCC_NO_COMMON_BLOCKS = YES;
				GCC_OPTIMIZATION_LEVEL = 0;
				GCC_PREPROCESSOR_DEFINITIONS = (
					"$(inherited)",
					"DEBUG=1",
				);
				GCC_WARN_64_TO_32_BIT_CONVERSION = YES;
				GCC_WARN_ABOUT_RETURN_TYPE = YES_ERROR;
				GCC_WARN_UNDECLARED_SELECTOR = YES;
				GCC_WARN_UNINITIALIZED_AUTOS = YES_AGGRESSIVE;
				GCC_WARN_UNUSED_FUNCTION = YES;
				GCC_WARN_UNUSED_VARIABLE = YES;
				MACOSX_DEPLOYMENT_TARGET = 14.0;
				MARKETING_VERSION = 1.0.0;
				MTL_ENABLE_DEBUG_INFO = INCLUDE_SOURCE;
				MTL_FAST_MATH = YES;
				ONLY_ACTIVE_ARCH = YES;
				PRODUCT_NAME = "$(TARGET_NAME)";
				SDKROOT = macosx;
				SWIFT_ACTIVE_COMPILATION_CONDITIONS = DEBUG;
				SWIFT_OPTIMIZATION_LEVEL = "-Onone";
				SWIFT_VERSION = 5.9;
			};
			name = Debug;
		};
		B1B4782C00512F12BC7AAC56 /* Debug */ = {
			isa = XCBuildConfiguration;
			buildSettings = {
				BUNDLE_LOADER = "$(TEST_HOST)";
				COMBINE_HIDPI_IMAGES = YES;
				LD_RUNPATH_SEARCH_PATHS = (
					"$(inherited)",
					"@executable_path/../Frameworks",
					"@loader_path/../Frameworks",
				);
				PRODUCT_BUNDLE_IDENTIFIER = com.leonlei.AIUsageTrackerTests;
				SDKROOT = macosx;
				TEST_HOST = "$(BUILT_PRODUCTS_DIR)/AIUsageTracker.app/Contents/MacOS/AIUsageTracker";
			};
			name = Debug;
		};
		B2F7DF8713745C8DF9594146 /* Release */ = {
			isa = XCBuildConfiguration;
			buildSettings = {
				ALWAYS_SEARCH_USER_PATHS = NO;
				CLANG_ANALYZER_NONNULL = YES;
				CLANG_ANALYZER_NUMBER_OBJECT_CONVERSION = YES_AGGRESSIVE;
				CLANG_CXX_LANGUAGE_STANDARD = "gnu++14";
				CLANG_CXX_LIBRARY = "libc++";
				CLANG_ENABLE_MODULES = YES;
				CLANG_ENABLE_OBJC_ARC = YES;
				CLANG_ENABLE_OBJC_WEAK = YES;
				CLANG_WARN_BLOCK_CAPTURE_AUTORELEASING = YES;
				CLANG_WARN_BOOL_CONVERSION = YES;
				CLANG_WARN_COMMA = YES;
				CLANG_WARN_CONSTANT_CONVERSION = YES;
				CLANG_WARN_DEPRECATED_OBJC_IMPLEMENTATIONS = YES;
				CLANG_WARN_DIRECT_OBJC_ISA_USAGE = YES_ERROR;
				CLANG_WARN_DOCUMENTATION_COMMENTS = YES;
				CLANG_WARN_EMPTY_BODY = YES;
				CLANG_WARN_ENUM_CONVERSION = YES;
				CLANG_WARN_INFINITE_RECURSION = YES;
				CLANG_WARN_INT_CONVERSION = YES;
				CLANG_WARN_NON_LITERAL_NULL_CONVERSION = YES;
				CLANG_WARN_OBJC_IMPLICIT_RETAIN_SELF = YES;
				CLANG_WARN_OBJC_LITERAL_CONVERSION = YES;
				CLANG_WARN_OBJC_ROOT_CLASS = YES_ERROR;
				CLANG_WARN_QUOTED_INCLUDE_IN_FRAMEWORK_HEADER = YES;
				CLANG_WARN_RANGE_LOOP_ANALYSIS = YES;
				CLANG_WARN_STRICT_PROTOTYPES = YES;
				CLANG_WARN_SUSPICIOUS_MOVE = YES;
				CLANG_WARN_UNGUARDED_AVAILABILITY = YES_AGGRESSIVE;
				CLANG_WARN_UNREACHABLE_CODE = YES;
				CLANG_WARN__DUPLICATE_METHOD_MATCH = YES;
				COPY_PHASE_STRIP = NO;
				CURRENT_PROJECT_VERSION = 1;
				DEBUG_INFORMATION_FORMAT = "dwarf-with-dsym";
				ENABLE_NS_ASSERTIONS = NO;
				ENABLE_STRICT_OBJC_MSGSEND = YES;
				GCC_C_LANGUAGE_STANDARD = gnu11;
				GCC_NO_COMMON_BLOCKS = YES;
				GCC_WARN_64_TO_32_BIT_CONVERSION = YES;
				GCC_WARN_ABOUT_RETURN_TYPE = YES_ERROR;
				GCC_WARN_UNDECLARED_SELECTOR = YES;
				GCC_WARN_UNINITIALIZED_AUTOS = YES_AGGRESSIVE;
				GCC_WARN_UNUSED_FUNCTION = YES;
				GCC_WARN_UNUSED_VARIABLE = YES;
				MACOSX_DEPLOYMENT_TARGET = 14.0;
				MARKETING_VERSION = 1.0.0;
				MTL_ENABLE_DEBUG_INFO = NO;
				MTL_FAST_MATH = YES;
				PRODUCT_NAME = "$(TARGET_NAME)";
				SDKROOT = macosx;
				SWIFT_COMPILATION_MODE = wholemodule;
				SWIFT_OPTIMIZATION_LEVEL = "-O";
				SWIFT_VERSION = 5.9;
			};
			name = Release;
		};
		C1C57D83E5D6A31BB93301A2 /* Release */ = {
			isa = XCBuildConfiguration;
			buildSettings = {
				ASSETCATALOG_COMPILER_APPICON_NAME = AppIcon;
				CODE_SIGN_ENTITLEMENTS = AIUsageTracker.entitlements;
				CODE_SIGN_IDENTITY = "-";
				CODE_SIGN_STYLE = Automatic;
				COMBINE_HIDPI_IMAGES = YES;
				ENABLE_HARDENED_RUNTIME = YES;
				INFOPLIST_FILE = Info.plist;
				LD_RUNPATH_SEARCH_PATHS = (
					"$(inherited)",
					"@executable_path/../Frameworks",
				);
				PRODUCT_BUNDLE_IDENTIFIER = com.leonlei.aiusagetracker;
				SDKROOT = macosx;
			};
			name = Release;
		};
/* End XCBuildConfiguration section */

/* Begin XCConfigurationList section */
		08BE9D0A5DE9CE4AB40958B0 /* Build configuration list for PBXProject "AIUsageTracker" */ = {
			isa = XCConfigurationList;
			buildConfigurations = (
				80631BA6084EEA9222EDE22E /* Debug */,
				B2F7DF8713745C8DF9594146 /* Release */,
			);
			defaultConfigurationIsVisible = 0;
			defaultConfigurationName = Debug;
		};
		1E09B91EA562B105FC707678 /* Build configuration list for PBXNativeTarget "AIUsageTrackerTests" */ = {
			isa = XCConfigurationList;
			buildConfigurations = (
				B1B4782C00512F12BC7AAC56 /* Debug */,
				7FC01B2E6B786059FBE63E7B /* Release */,
			);
			defaultConfigurationIsVisible = 0;
			defaultConfigurationName = Debug;
		};
		E853DFEC6D73EB9087421694 /* Build configuration list for PBXNativeTarget "AIUsageTracker" */ = {
			isa = XCConfigurationList;
			buildConfigurations = (
				3BDDEBB3B7F90E419D82F358 /* Debug */,
				C1C57D83E5D6A31BB93301A2 /* Release */,
			);
			defaultConfigurationIsVisible = 0;
			defaultConfigurationName = Debug;
		};
/* End XCConfigurationList section */
	};
	rootObject = 5A2EB5FBC05BB3BD5DFD57E5 /* Project object */;
}
